[[package]]
name = "appdirs"
version = "1.4.4"
description = "A small Python module for determining appropriate platform-specific dirs, e.g. a \"user data dir\"."
category = "main"
optional = false
python-versions = "*"

[[package]]
name = "appnope"
version = "0.1.3"
description = "Disable App Nap on macOS >= 10.9"
category = "main"
optional = false
python-versions = "*"

[[package]]
name = "astroid"
version = "2.14.2"
description = "An abstract syntax tree for Python with inference support."
category = "dev"
optional = false
python-versions = ">=3.7.2"

[package.dependencies]
lazy-object-proxy = ">=1.4.0"
typing-extensions = {version = ">=4.0.0", markers = "python_version < \"3.11\""}
wrapt = [
    {version = ">=1.11,<2", markers = "python_version < \"3.11\""},
    {version = ">=1.14,<2", markers = "python_version >= \"3.11\""},
]

[[package]]
name = "astropy"
version = "5.2.1"
description = "Astronomy and astrophysics core library"
category = "main"
optional = false
python-versions = ">=3.8"

[package.dependencies]
numpy = ">=1.20"
packaging = ">=19.0"
pyerfa = ">=2.0"
PyYAML = ">=3.13"

[package.extras]
all = ["scipy (>=1.5)", "matplotlib (>=3.1,!=3.4.0,!=3.5.2)", "certifi", "dask", "h5py", "pyarrow (>=5.0.0)", "beautifulsoup4", "html5lib", "bleach", "pandas", "sortedcontainers", "pytz", "jplephem", "mpmath", "asdf (>=2.10.0)", "bottleneck", "ipython (>=4.2)", "pytest (>=7.0)", "typing-extensions (>=3.10.0.1)", "fsspec[http] (>=2022.8.2)", "s3fs (>=2022.8.2)"]
docs = ["sphinx", "sphinx-astropy (>=1.6)", "pytest (>=7.0)", "scipy (>=1.3)", "matplotlib (>=3.1,!=3.4.0,!=3.5.2)", "towncrier (<22.12.0)", "sphinx-changelog (>=1.2.0)", "Jinja2 (>=3.0)"]
recommended = ["scipy (>=1.5)", "matplotlib (>=3.1,!=3.4.0,!=3.5.2)"]
test = ["pytest (>=7.0)", "pytest-doctestplus (>=0.12)", "pytest-astropy-header (>=0.2.1)", "pytest-astropy (>=0.10)", "pytest-xdist"]
test_all = ["pytest (>=7.0)", "pytest-doctestplus (>=0.12)", "pytest-astropy-header (>=0.2.1)", "pytest-astropy (>=0.10)", "pytest-xdist", "objgraph", "ipython (>=4.2)", "coverage", "skyfield (>=1.20)", "sgp4 (>=2.3)"]

[[package]]
name = "asttokens"
version = "2.2.1"
description = "Annotate AST trees with source code positions"
category = "main"
optional = false
python-versions = "*"

[package.dependencies]
six = "*"

[package.extras]
test = ["astroid", "pytest"]

[[package]]
name = "attrs"
version = "22.2.0"
description = "Classes Without Boilerplate"
category = "main"
optional = false
python-versions = ">=3.6"

[package.extras]
cov = ["attrs", "coverage-enable-subprocess", "coverage[toml] (>=5.3)"]
dev = ["attrs"]
docs = ["furo", "sphinx", "myst-parser", "zope.interface", "sphinx-notfound-page", "sphinxcontrib-towncrier", "towncrier"]
tests = ["attrs", "zope.interface"]
tests-no-zope = ["hypothesis", "pympler", "pytest (>=4.3.0)", "pytest-xdist", "cloudpickle", "mypy (>=0.971,<0.990)", "pytest-mypy-plugins"]
tests_no_zope = ["hypothesis", "pympler", "pytest (>=4.3.0)", "pytest-xdist", "cloudpickle", "mypy (>=0.971,<0.990)", "pytest-mypy-plugins"]

[[package]]
name = "backcall"
version = "0.2.0"
description = "Specifications for callback functions passed in to an API"
category = "main"
optional = false
python-versions = "*"

[[package]]
name = "black"
version = "22.12.0"
description = "The uncompromising code formatter."
category = "main"
optional = false
python-versions = ">=3.7"

[package.dependencies]
click = ">=8.0.0"
mypy-extensions = ">=0.4.3"
pathspec = ">=0.9.0"
platformdirs = ">=2"
tomli = {version = ">=1.1.0", markers = "python_full_version < \"3.11.0a7\""}

[package.extras]
colorama = ["colorama (>=0.4.3)"]
d = ["aiohttp (>=3.7.4)"]
jupyter = ["ipython (>=7.8.0)", "tokenize-rt (>=3.2.0)"]
uvloop = ["uvloop (>=0.15.2)"]

[[package]]
name = "certifi"
version = "2022.12.7"
description = "Python package for providing Mozilla's CA Bundle."
category = "main"
optional = false
python-versions = ">=3.6"

[[package]]
name = "charset-normalizer"
version = "3.0.1"
description = "The Real First Universal Charset Detector. Open, modern and actively maintained alternative to Chardet."
category = "main"
optional = false
python-versions = "*"

[[package]]
name = "click"
version = "8.1.3"
description = "Composable command line interface toolkit"
category = "main"
optional = false
python-versions = ">=3.7"

[package.dependencies]
colorama = {version = "*", markers = "platform_system == \"Windows\""}

[[package]]
name = "colorama"
version = "0.4.6"
description = "Cross-platform colored terminal text."
category = "main"
optional = false
python-versions = "!=3.0.*,!=3.1.*,!=3.2.*,!=3.3.*,!=3.4.*,!=3.5.*,!=3.6.*,>=2.7"

[[package]]
name = "contextlib2"
version = "21.6.0"
description = "Backports and enhancements for the contextlib module"
category = "main"
optional = false
python-versions = ">=3.6"

[[package]]
name = "coverage"
version = "6.5.0"
description = "Code coverage measurement for Python"
category = "dev"
optional = false
python-versions = ">=3.7"

[package.extras]
toml = ["tomli"]

[[package]]
name = "debugpy"
version = "1.6.6"
description = "An implementation of the Debug Adapter Protocol for Python"
category = "main"
optional = false
python-versions = ">=3.7"

[[package]]
name = "decorator"
version = "5.1.1"
description = "Decorators for Humans"
category = "main"
optional = false
python-versions = ">=3.5"

[[package]]
name = "deepdiff"
version = "5.8.1"
description = "Deep Difference and Search of any Python object/data."
category = "main"
optional = false
python-versions = ">=3.6"

[package.dependencies]
ordered-set = ">=4.1.0,<4.2.0"

[package.extras]
cli = ["click (==8.0.3)", "pyyaml (==5.4.1)", "toml (==0.10.2)", "clevercsv (==0.7.1)"]

[[package]]
name = "dill"
version = "0.3.6"
description = "serialize all of python"
category = "dev"
optional = false
python-versions = ">=3.7"

[package.extras]
graph = ["objgraph (>=1.7.2)"]

[[package]]
name = "docopt"
version = "0.6.2"
description = "Pythonic argument parser, that will make you smile"
category = "main"
optional = false
python-versions = "*"

[[package]]
name = "enum34"
version = "1.1.10"
description = "Python 3.4 Enum backported to 3.3, 3.2, 3.1, 2.7, 2.6, 2.5, and 2.4"
category = "main"
optional = false
python-versions = "*"

[[package]]
name = "exceptiongroup"
version = "1.1.0"
description = "Backport of PEP 654 (exception groups)"
category = "dev"
optional = false
python-versions = ">=3.7"

[package.extras]
test = ["pytest (>=6)"]

[[package]]
name = "execnet"
version = "1.9.0"
description = "execnet: rapid multi-Python deployment"
category = "dev"
optional = false
python-versions = ">=2.7, !=3.0.*, !=3.1.*, !=3.2.*, !=3.3.*, !=3.4.*"

[package.extras]
testing = ["pre-commit"]

[[package]]
name = "executing"
version = "1.2.0"
description = "Get the currently executing AST node of a frame, and other information"
category = "main"
optional = false
python-versions = "*"

[package.extras]
tests = ["asttokens", "pytest", "littleutils", "rich"]

[[package]]
name = "fire"
version = "0.4.0"
description = "A library for automatically generating command line interfaces."
category = "main"
optional = false
python-versions = "*"

[package.dependencies]
six = "*"
termcolor = "*"

[[package]]
name = "flake8"
version = "5.0.4"
description = "the modular source code checker: pep8 pyflakes and co"
category = "dev"
optional = false
python-versions = ">=3.6.1"

[package.dependencies]
mccabe = ">=0.7.0,<0.8.0"
pycodestyle = ">=2.9.0,<2.10.0"
pyflakes = ">=2.5.0,<2.6.0"

[[package]]
name = "glob2"
version = "0.7"
description = "Version of the glob module that can capture patterns and supports recursive wildcards"
category = "dev"
optional = false
python-versions = "*"

[[package]]
name = "idna"
version = "3.4"
description = "Internationalized Domain Names in Applications (IDNA)"
category = "main"
optional = false
python-versions = ">=3.5"

[[package]]
name = "iniconfig"
version = "2.0.0"
description = "brain-dead simple config-ini parsing"
category = "dev"
optional = false
python-versions = ">=3.7"

[[package]]
name = "ipython"
version = "8.5.0"
description = "IPython: Productive Interactive Computing"
category = "main"
optional = false
python-versions = ">=3.8"

[package.dependencies]
appnope = {version = "*", markers = "sys_platform == \"darwin\""}
backcall = "*"
colorama = {version = "*", markers = "sys_platform == \"win32\""}
decorator = "*"
jedi = ">=0.16"
matplotlib-inline = "*"
pexpect = {version = ">4.3", markers = "sys_platform != \"win32\""}
pickleshare = "*"
prompt-toolkit = ">3.0.1,<3.1.0"
pygments = ">=2.4.0"
stack-data = "*"
traitlets = ">=5"

[package.extras]
all = ["black", "Sphinx (>=1.3)", "ipykernel", "nbconvert", "nbformat", "ipywidgets", "notebook", "ipyparallel", "qtconsole", "pytest (<7.1)", "pytest-asyncio", "testpath", "curio", "matplotlib (!=3.2.0)", "numpy (>=1.19)", "pandas", "trio"]
black = ["black"]
doc = ["Sphinx (>=1.3)"]
kernel = ["ipykernel"]
nbconvert = ["nbconvert"]
nbformat = ["nbformat"]
notebook = ["ipywidgets", "notebook"]
parallel = ["ipyparallel"]
qtconsole = ["qtconsole"]
test = ["pytest (<7.1)", "pytest-asyncio", "testpath"]
test_extra = ["pytest (<7.1)", "pytest-asyncio", "testpath", "curio", "matplotlib (!=3.2.0)", "nbformat", "numpy (>=1.19)", "pandas", "trio"]

[[package]]
name = "isort"
version = "5.12.0"
description = "A Python utility / library to sort Python imports."
category = "dev"
optional = false
python-versions = ">=3.8.0"

[package.extras]
colors = ["colorama (>=0.4.3)"]
requirements-deprecated-finder = ["pip-api", "pipreqs"]
pipfile-deprecated-finder = ["pip-shims (>=0.5.2)", "pipreqs", "requirementslib"]
plugins = ["setuptools"]

[[package]]
name = "jedi"
version = "0.18.2"
description = "An autocompletion tool for Python that can be used for text editors."
category = "main"
optional = false
python-versions = ">=3.6"

[package.dependencies]
parso = ">=0.8.0,<0.9.0"

[package.extras]
docs = ["Jinja2 (==2.11.3)", "MarkupSafe (==1.1.1)", "Pygments (==2.8.1)", "alabaster (==0.7.12)", "babel (==2.9.1)", "chardet (==4.0.0)", "commonmark (==0.8.1)", "docutils (==0.17.1)", "future (==0.18.2)", "idna (==2.10)", "imagesize (==1.2.0)", "mock (==1.0.1)", "packaging (==20.9)", "pyparsing (==2.4.7)", "pytz (==2021.1)", "readthedocs-sphinx-ext (==2.1.4)", "recommonmark (==0.5.0)", "requests (==2.25.1)", "six (==1.15.0)", "snowballstemmer (==2.1.0)", "sphinx-rtd-theme (==0.4.3)", "sphinx (==1.8.5)", "sphinxcontrib-serializinghtml (==1.1.4)", "sphinxcontrib-websupport (==1.2.4)", "urllib3 (==1.26.4)"]
qa = ["flake8 (==3.8.3)", "mypy (==0.782)"]
testing = ["Django (<3.1)", "attrs", "colorama", "docopt", "pytest (<7.0.0)"]

[[package]]
name = "jsonschema"
version = "4.17.3"
description = "An implementation of JSON Schema validation for Python"
category = "main"
optional = false
python-versions = ">=3.7"

[package.dependencies]
attrs = ">=17.4.0"
pyrsistent = ">=0.14.0,<0.17.0 || >0.17.0,<0.17.1 || >0.17.1,<0.17.2 || >0.17.2"

[package.extras]
format = ["fqdn", "idna", "isoduration", "jsonpointer (>1.13)", "rfc3339-validator", "rfc3987", "uri-template", "webcolors (>=1.11)"]
format-nongpl = ["fqdn", "idna", "isoduration", "jsonpointer (>1.13)", "rfc3339-validator", "rfc3986-validator (>0.1.0)", "uri-template", "webcolors (>=1.11)"]

[[package]]
name = "junit-xml-2"
version = "1.9"
description = "Fork of https://github.com/kyrus/python-junit-xml that has tarball published to pypi"
category = "dev"
optional = false
python-versions = "*"

[package.dependencies]
six = "*"

[[package]]
name = "katversion"
version = "1.2"
description = "Reliable git-based versioning for Python packages"
category = "main"
optional = false
python-versions = ">=2.6, !=3.0.*, !=3.1.*, !=3.2.*, <4"

[[package]]
name = "lazy-object-proxy"
version = "1.9.0"
description = "A fast and thorough lazy object proxy."
category = "dev"
optional = false
python-versions = ">=3.7"

[[package]]
name = "mako"
version = "1.2.4"
description = "A super-fast templating language that borrows the best ideas from the existing templating languages."
category = "dev"
optional = false
python-versions = ">=3.7"

[package.dependencies]
MarkupSafe = ">=0.9.2"

[package.extras]
babel = ["babel"]
lingua = ["lingua"]
testing = ["pytest"]

[[package]]
name = "markupsafe"
version = "2.1.2"
description = "Safely add untrusted strings to HTML/XML markup."
category = "dev"
optional = false
python-versions = ">=3.7"

[[package]]
name = "marshmallow"
version = "3.19.0"
description = "A lightweight library for converting complex datatypes to and from native Python datatypes."
category = "main"
optional = false
python-versions = ">=3.7"

[package.dependencies]
packaging = ">=17.0"

[package.extras]
dev = ["pytest", "pytz", "simplejson", "mypy (==0.990)", "flake8 (==5.0.4)", "flake8-bugbear (==22.10.25)", "pre-commit (>=2.4,<3.0)", "tox"]
docs = ["sphinx (==5.3.0)", "sphinx-issues (==3.0.1)", "alabaster (==0.7.12)", "sphinx-version-warning (==1.1.2)", "autodocsumm (==0.2.9)"]
lint = ["mypy (==0.990)", "flake8 (==5.0.4)", "flake8-bugbear (==22.10.25)", "pre-commit (>=2.4,<3.0)"]
tests = ["pytest", "pytz", "simplejson"]

[[package]]
name = "marshmallow-enum"
version = "1.5.1"
description = "Enum field for Marshmallow"
category = "main"
optional = false
python-versions = "*"

[package.dependencies]
marshmallow = ">=2.0.0"

[[package]]
name = "marshmallow-oneofschema"
version = "3.0.1"
description = "marshmallow multiplexing schema"
category = "main"
optional = false
python-versions = ">=3.6"

[package.dependencies]
marshmallow = ">=3.0.0,<4.0.0"

[package.extras]
dev = ["pytest", "mock", "flake8 (==3.9.2)", "flake8-bugbear (==21.4.3)", "pre-commit (>=2.7,<3.0)", "tox"]
lint = ["flake8 (==3.9.2)", "flake8-bugbear (==21.4.3)", "pre-commit (>=2.7,<3.0)"]
tests = ["pytest", "mock"]

[[package]]
name = "matplotlib-inline"
version = "0.1.6"
description = "Inline Matplotlib backend for Jupyter"
category = "main"
optional = false
python-versions = ">=3.5"

[package.dependencies]
traitlets = "*"

[[package]]
name = "mccabe"
version = "0.7.0"
description = "McCabe checker, plugin for flake8"
category = "dev"
optional = false
python-versions = ">=3.6"

[[package]]
name = "mock"
version = "4.0.3"
description = "Rolling backport of unittest.mock for all Pythons"
category = "main"
optional = false
python-versions = ">=3.6"

[package.extras]
build = ["twine", "wheel", "blurb"]
docs = ["sphinx"]
test = ["pytest (<5.4)", "pytest-cov"]

[[package]]
name = "mypy-extensions"
version = "1.0.0"
description = "Type system extensions for programs checked with the mypy type checker."
category = "main"
optional = false
python-versions = ">=3.5"

[[package]]
name = "numpy"
version = "1.23.0"
description = "NumPy is the fundamental package for array computing with Python."
category = "main"
optional = false
python-versions = ">=3.8"

[[package]]
name = "ordered-set"
version = "4.1.0"
description = "An OrderedSet is a custom MutableSet that remembers its order, so that every"
category = "main"
optional = false
python-versions = ">=3.7"

[package.extras]
dev = ["pytest", "black", "mypy"]

[[package]]
name = "packaging"
version = "23.0"
description = "Core utilities for Python packages"
category = "main"
optional = false
python-versions = ">=3.7"

[[package]]
name = "pandas"
version = "1.4.2"
description = "Powerful data structures for data analysis, time series, and statistics"
category = "main"
optional = false
python-versions = ">=3.8"

[package.dependencies]
numpy = {version = ">=1.21.0", markers = "python_version >= \"3.10\""}
python-dateutil = ">=2.8.1"
pytz = ">=2020.1"

[package.extras]
test = ["hypothesis (>=5.5.3)", "pytest (>=6.0)", "pytest-xdist (>=1.31)"]

[[package]]
name = "parse"
version = "1.19.0"
description = "parse() is the opposite of format()"
category = "dev"
optional = false
python-versions = "*"

[[package]]
name = "parse-type"
version = "0.6.0"
description = "Simplifies to build parse types based on the parse module"
category = "dev"
optional = false
python-versions = ">=2.7, !=3.0.*, !=3.1.*"

[package.dependencies]
parse = {version = ">=1.18.0", markers = "python_version >= \"3.0\""}
six = ">=1.11"

[package.extras]
develop = ["coverage (>=4.4)", "pytest-html (>=1.19.0)", "pytest-cov", "tox (>=2.8)", "pytest (<5.0)", "pytest (>=5.0)"]
docs = ["sphinx (>=1.2)"]

[[package]]
name = "parso"
version = "0.8.3"
description = "A Python Parser"
category = "main"
optional = false
python-versions = ">=3.6"

[package.extras]
qa = ["flake8 (==3.8.3)", "mypy (==0.782)"]
testing = ["docopt", "pytest (<6.0.0)"]

[[package]]
name = "pathspec"
version = "0.11.0"
description = "Utility library for gitignore style pattern matching of file paths."
category = "main"
optional = false
python-versions = ">=3.7"

[[package]]
name = "pexpect"
version = "4.8.0"
description = "Pexpect allows easy control of interactive console applications."
category = "main"
optional = false
python-versions = "*"

[package.dependencies]
ptyprocess = ">=0.5"

[[package]]
name = "pickleshare"
version = "0.7.5"
description = "Tiny 'shelve'-like database with concurrency support"
category = "main"
optional = false
python-versions = "*"

[[package]]
name = "platformdirs"
version = "3.0.0"
description = "A small Python package for determining appropriate platform-specific dirs, e.g. a \"user data dir\"."
category = "main"
optional = false
python-versions = ">=3.7"

[package.extras]
docs = ["furo (>=2022.12.7)", "proselint (>=0.13)", "sphinx-autodoc-typehints (>=1.22,!=1.23.4)", "sphinx (>=6.1.3)"]
test = ["appdirs (==1.4.4)", "covdefaults (>=2.2.2)", "pytest-cov (>=4)", "pytest-mock (>=3.10)", "pytest (>=7.2.1)"]

[[package]]
name = "pluggy"
version = "1.0.0"
description = "plugin and hook calling mechanisms for python"
category = "dev"
optional = false
python-versions = ">=3.6"

[package.extras]
dev = ["pre-commit", "tox"]
testing = ["pytest", "pytest-benchmark"]

[[package]]
name = "prompt-toolkit"
version = "3.0.36"
description = "Library for building powerful interactive command lines in Python"
category = "main"
optional = false
python-versions = ">=3.6.2"

[package.dependencies]
wcwidth = "*"

[[package]]
name = "ptyprocess"
version = "0.7.0"
description = "Run a subprocess in a pseudo terminal"
category = "main"
optional = false
python-versions = "*"

[[package]]
name = "pure-eval"
version = "0.2.2"
description = "Safely evaluate AST nodes without side effects"
category = "main"
optional = false
python-versions = "*"

[package.extras]
tests = ["pytest"]

[[package]]
name = "py"
version = "1.11.0"
description = "library with cross-python path, ini-parsing, io, code, log facilities"
category = "dev"
optional = false
python-versions = ">=2.7, !=3.0.*, !=3.1.*, !=3.2.*, !=3.3.*, !=3.4.*"

[[package]]
name = "pycodestyle"
version = "2.9.1"
description = "Python style guide checker"
category = "dev"
optional = false
python-versions = ">=3.6"

[[package]]
name = "pyerfa"
version = "2.0.0.1"
description = "Python bindings for ERFA"
category = "main"
optional = false
python-versions = ">=3.7"

[package.dependencies]
numpy = ">=1.17"

[package.extras]
docs = ["sphinx-astropy (>=1.3)"]
test = ["pytest", "pytest-doctestplus (>=0.7)"]

[[package]]
name = "pyflakes"
version = "2.5.0"
description = "passive checker of Python programs"
category = "dev"
optional = false
python-versions = ">=3.6"

[[package]]
name = "pygments"
version = "2.14.0"
description = "Pygments is a syntax highlighting package written in Python."
category = "main"
optional = false
python-versions = ">=3.6"

[package.extras]
plugins = ["importlib-metadata"]

[[package]]
name = "pylint"
version = "2.16.1"
description = "python code static checker"
category = "dev"
optional = false
python-versions = ">=3.7.2"

[package.dependencies]
astroid = ">=2.14.1,<=2.16.0-dev0"
colorama = {version = ">=0.4.5", markers = "sys_platform == \"win32\""}
dill = [
    {version = ">=0.2", markers = "python_version < \"3.11\""},
    {version = ">=0.3.6", markers = "python_version >= \"3.11\""},
]
isort = ">=4.2.5,<6"
mccabe = ">=0.6,<0.8"
platformdirs = ">=2.2.0"
tomli = {version = ">=1.1.0", markers = "python_version < \"3.11\""}
tomlkit = ">=0.10.1"

[package.extras]
spelling = ["pyenchant (>=3.2,<4.0)"]
testutils = ["gitpython (>3)"]

[[package]]
name = "pylint-junit"
version = "0.3.2"
description = "pylint reporter for junit format."
category = "dev"
optional = false
python-versions = "*"

[package.dependencies]
junit-xml-2 = "*"
pylint = "*"

[[package]]
name = "pyrsistent"
version = "0.19.3"
description = "Persistent/Functional/Immutable data structures"
category = "main"
optional = false
python-versions = ">=3.7"

[[package]]
name = "pytango"
version = "9.3.3"
description = "A python binding for the Tango control system"
category = "main"
optional = false
python-versions = ">=2.7, !=3.0.*, !=3.1.*, !=3.2.*, !=3.3.*, !=3.4.*"

[package.dependencies]
enum34 = "*"
six = ">=1.10"

[[package]]
name = "pytest"
version = "7.2.1"
description = "pytest: simple powerful testing with Python"
category = "dev"
optional = false
python-versions = ">=3.7"

[package.dependencies]
attrs = ">=19.2.0"
colorama = {version = "*", markers = "sys_platform == \"win32\""}
exceptiongroup = {version = ">=1.0.0rc8", markers = "python_version < \"3.11\""}
iniconfig = "*"
packaging = "*"
pluggy = ">=0.12,<2.0"
tomli = {version = ">=1.0.0", markers = "python_version < \"3.11\""}

[package.extras]
testing = ["argcomplete", "hypothesis (>=3.56)", "mock", "nose", "pygments (>=2.7.2)", "requests", "xmlschema"]

[[package]]
name = "pytest-bdd"
version = "5.0.0"
description = "BDD for pytest"
category = "dev"
optional = false
python-versions = ">=3.6"

[package.dependencies]
glob2 = "*"
Mako = "*"
parse = "*"
parse-type = "*"
py = "*"
pytest = ">=4.3"

[[package]]
name = "pytest-cov"
version = "2.12.1"
description = "Pytest plugin for measuring coverage."
category = "dev"
optional = false
python-versions = ">=2.7, !=3.0.*, !=3.1.*, !=3.2.*, !=3.3.*, !=3.4.*"

[package.dependencies]
coverage = ">=5.2.1"
pytest = ">=4.6"
toml = "*"

[package.extras]
testing = ["fields", "hunter", "process-tests", "six", "pytest-xdist", "virtualenv"]

[[package]]
name = "pytest-forked"
version = "1.6.0"
description = "run tests in isolated forked subprocesses"
category = "dev"
optional = false
python-versions = ">=3.7"

[package.dependencies]
py = "*"
pytest = ">=3.10"

[[package]]
name = "pytest-json-report"
version = "1.5.0"
description = "A pytest plugin to report test results as JSON files"
category = "dev"
optional = false
python-versions = "*"

[package.dependencies]
pytest = ">=3.8.0"
pytest-metadata = "*"

[[package]]
name = "pytest-metadata"
version = "2.0.4"
description = "pytest plugin for test session metadata"
category = "dev"
optional = false
python-versions = ">=3.7,<4.0"

[package.dependencies]
pytest = ">=3.0.0,<8.0.0"

[[package]]
name = "pytest-mock"
version = "3.10.0"
description = "Thin-wrapper around the mock package for easier use with pytest"
category = "dev"
optional = false
python-versions = ">=3.7"

[package.dependencies]
pytest = ">=5.0"

[package.extras]
dev = ["pre-commit", "tox", "pytest-asyncio"]

[[package]]
name = "pytest-repeat"
version = "0.9.1"
description = "pytest plugin for repeating tests"
category = "dev"
optional = false
python-versions = ">=2.7, !=3.0.*, !=3.1.*, !=3.2.*, !=3.3.*, !=3.4.*"

[package.dependencies]
pytest = ">=3.6"

[[package]]
name = "pytest-xdist"
version = "2.5.0"
description = "pytest xdist plugin for distributed testing and loop-on-failing modes"
category = "dev"
optional = false
python-versions = ">=3.6"

[package.dependencies]
execnet = ">=1.1"
pytest = ">=6.2.0"
pytest-forked = "*"

[package.extras]
psutil = ["psutil (>=3.0)"]
setproctitle = ["setproctitle"]
testing = ["filelock"]

[[package]]
name = "python-dateutil"
version = "2.8.2"
description = "Extensions to the standard Python datetime module"
category = "main"
optional = false
python-versions = "!=3.0.*,!=3.1.*,!=3.2.*,>=2.7"

[package.dependencies]
six = ">=1.5"

[[package]]
name = "python-gitlab"
version = "3.13.0"
description = "Interact with GitLab API"
category = "main"
optional = false
python-versions = ">=3.7.0"

[package.dependencies]
requests = ">=2.25.0"
requests-toolbelt = ">=0.10.1"

[package.extras]
autocompletion = ["argcomplete (>=1.10.0,<3)"]
yaml = ["PyYaml (>=5.2)"]

[[package]]
name = "pytz"
version = "2022.7.1"
description = "World timezone definitions, modern and historical"
category = "main"
optional = false
python-versions = "*"

[[package]]
name = "pyyaml"
version = "6.0"
description = "YAML parser and emitter for Python"
category = "main"
optional = false
python-versions = ">=3.6"

[[package]]
name = "requests"
version = "2.28.2"
description = "Python HTTP for Humans."
category = "main"
optional = false
python-versions = ">=3.7, <4"

[package.dependencies]
certifi = ">=2017.4.17"
charset-normalizer = ">=2,<4"
idna = ">=2.5,<4"
urllib3 = ">=1.21.1,<1.27"

[package.extras]
socks = ["PySocks (>=1.5.6,!=1.5.7)"]
use_chardet_on_py3 = ["chardet (>=3.0.2,<6)"]

[[package]]
name = "requests-toolbelt"
version = "0.10.1"
description = "A utility belt for advanced users of python-requests"
category = "main"
optional = false
python-versions = ">=2.7, !=3.0.*, !=3.1.*, !=3.2.*, !=3.3.*"

[package.dependencies]
requests = ">=2.0.1,<3.0.0"

[[package]]
name = "schema"
version = "0.7.5"
description = "Simple data validation library"
category = "main"
optional = false
python-versions = "*"

[package.dependencies]
contextlib2 = ">=0.5.5"

[[package]]
name = "six"
version = "1.16.0"
description = "Python 2 and 3 compatibility utilities"
category = "main"
optional = false
python-versions = ">=2.7, !=3.0.*, !=3.1.*, !=3.2.*"

[[package]]
name = "ska-control-model"
version = "0.3.1"
description = "The SKA control model"
category = "main"
optional = false
python-versions = ">=3.7.2,<4.0.0"

[package.dependencies]
transitions = ">=0.9.0,<0.10.0"
typing-extensions = ">=4.3.0,<5.0.0"

[package.source]
type = "legacy"
url = "https://artefact.skao.int/repository/pypi-internal/simple"
reference = 'ska-nexus'

[[package]]
name = "ska-ser-log-transactions"
version = "0.2.2+ae0f5c92"
description = "Square Kilometre Array transaction logging utility"
category = "main"
optional = false
python-versions = ">=3.6"

[package.dependencies]
katversion = "*"
ska-ser-logging = "*"
ska-ser-skuid = "*"

[package.source]
type = "legacy"
url = "https://artefact.skao.int/repository/pypi-internal/simple"
reference = 'ska-nexus'

[[package]]
name = "ska-ser-logging"
version = "0.4.1+0a677a67"
description = "Square Kilometre Array logging configuration library"
category = "main"
optional = false
python-versions = ">=3.5"

[package.extras]
dev = ["prospector", "black", "isort"]

[package.source]
type = "legacy"
url = "https://artefact.skao.int/repository/pypi-internal/simple"
reference = 'ska-nexus'

[[package]]
name = "ska-ser-skuid"
version = "3.3.3"
description = "Library that generates ID's for the SKA project"
category = "main"
optional = false
python-versions = ">=3.6,<4.0"

[package.dependencies]
requests = ">=2.25.1,<3.0.0"
ska-ser-logging = ">=0.4.1,<0.5.0"

[package.source]
type = "legacy"
url = "https://artefact.skao.int/repository/pypi-internal/simple"
reference = 'ska-nexus'

[[package]]
name = "ska-tango-base"
version = "0.13.3"
description = "A set of generic base devices for SKA Telescope."
category = "main"
optional = false
python-versions = "*"

[package.dependencies]
debugpy = "*"
numpy = "*"
pytango = "*"
ska-ser-logging = "*"
ska-tango-testing = "*"
transitions = "*"

[package.source]
type = "legacy"
url = "https://artefact.skao.int/repository/pypi-internal/simple"
reference = 'ska-nexus'

[[package]]
name = "ska-tango-testing"
version = "0.4.1"
description = "Test harness for testing SKA Tango devices"
category = "main"
optional = false
python-versions = ">=3.7,<4.0"

[package.dependencies]
pytango = ">=9.3,<10.0"

[package.source]
type = "legacy"
url = "https://artefact.skao.int/repository/pypi-internal/simple"
reference = 'ska-nexus'

[[package]]
name = "ska-telmodel"
version = "1.5.0"
description = "SKA telescope model library"
category = "main"
optional = false
python-versions = ">=3.7.2,<4.0.0"

[package.dependencies]
appdirs = ">=1.4.4,<2.0.0"
docopt = ">=0.6.2,<0.7.0"
python-gitlab = ">=3.8.0,<4.0.0"
pyyaml = ">=6.0,<7.0"
schema = ">=0.7.5,<0.8.0"
toolz = ">=0.12.0,<0.13.0"

[package.source]
type = "legacy"
url = "https://artefact.skao.int/repository/pypi-internal/simple"
reference = 'ska-nexus'

[[package]]
name = "ska-tmc-cdm"
version = "7.3.1"
description = "SKA Control Data Model serialisation library"
category = "main"
optional = false
python-versions = ">=3.10,<4.0"

[package.dependencies]
astropy = ">=5.1,<6.0"
deepdiff = ">=5.8.1,<6.0.0"
marshmallow = ">=3.18.0,<4.0.0"
marshmallow-enum = ">=1.5.1,<2.0.0"
marshmallow-oneofschema = ">=3.0.1,<4.0.0"
ska-telmodel = ">=1.5.0,<2.0.0"

[package.source]
type = "legacy"
url = "https://artefact.skao.int/repository/pypi-internal/simple"
reference = 'ska-nexus'

[[package]]
name = "ska-tmc-common"
version = "0.1.54"
description = "SKA TMC common contains common classes required for Telescope Monitoring and Control(TMC)."
category = "main"
optional = false
python-versions = ">=3.8,<4.0"

[package.dependencies]
black = ">=22.1.0,<23.0.0"
fire = ">=0.4.0,<0.5.0"
jsonschema = ">=4.0.1,<5.0.0"
marshmallow = ">=3.14.1,<4.0.0"
numpy = "1.23.0"
pytango = "9.3.3"
ska-ser-logging = ">=0.4.1,<0.5.0"
ska-tango-base = "0.13.3"

[package.source]
type = "legacy"
url = "https://artefact.skao.int/repository/pypi-internal/simple"
reference = 'ska-nexus'

[[package]]
name = "stack-data"
version = "0.6.2"
description = "Extract data from python stack frames and tracebacks for informative displays"
category = "main"
optional = false
python-versions = "*"

[package.dependencies]
asttokens = ">=2.1.0"
executing = ">=1.2.0"
pure-eval = "*"

[package.extras]
tests = ["pytest", "typeguard", "pygments", "littleutils", "cython"]

[[package]]
name = "termcolor"
version = "2.2.0"
description = "ANSI color formatting for output in terminal"
category = "main"
optional = false
python-versions = ">=3.7"

[package.extras]
tests = ["pytest", "pytest-cov"]

[[package]]
name = "toml"
version = "0.10.2"
description = "Python Library for Tom's Obvious, Minimal Language"
category = "dev"
optional = false
python-versions = ">=2.6, !=3.0.*, !=3.1.*, !=3.2.*"

[[package]]
name = "tomli"
version = "2.0.1"
description = "A lil' TOML parser"
category = "main"
optional = false
python-versions = ">=3.7"

[[package]]
name = "tomlkit"
version = "0.11.6"
description = "Style preserving TOML library"
category = "dev"
optional = false
python-versions = ">=3.6"

[[package]]
name = "toolz"
version = "0.12.0"
description = "List processing tools and functional utilities"
category = "main"
optional = false
python-versions = ">=3.5"

[[package]]
name = "traitlets"
version = "5.9.0"
description = "Traitlets Python configuration system"
category = "main"
optional = false
python-versions = ">=3.7"

[package.extras]
docs = ["myst-parser", "pydata-sphinx-theme", "sphinx"]
test = ["argcomplete (>=2.0)", "pre-commit", "pytest", "pytest-mock"]

[[package]]
name = "transitions"
version = "0.9.0"
description = "A lightweight, object-oriented Python state machine implementation with many extensions."
category = "main"
optional = false
python-versions = "*"

[package.dependencies]
six = "*"

[package.extras]
diagrams = ["pygraphviz"]
test = ["pytest"]

[[package]]
name = "typing-extensions"
version = "4.4.0"
description = "Backported and Experimental Type Hints for Python 3.7+"
category = "main"
optional = false
python-versions = ">=3.7"

[[package]]
name = "urllib3"
version = "1.26.14"
description = "HTTP library with thread-safe connection pooling, file post, and more."
category = "main"
optional = false
python-versions = ">=2.7, !=3.0.*, !=3.1.*, !=3.2.*, !=3.3.*, !=3.4.*, !=3.5.*"

[package.extras]
brotli = ["brotlicffi (>=0.8.0)", "brotli (>=1.0.9)", "brotlipy (>=0.6.0)"]
secure = ["pyOpenSSL (>=0.14)", "cryptography (>=1.3.4)", "idna (>=2.0.0)", "certifi", "urllib3-secure-extra", "ipaddress"]
socks = ["PySocks (>=1.5.6,!=1.5.7,<2.0)"]

[[package]]
name = "wcwidth"
version = "0.2.6"
description = "Measures the displayed width of unicode strings in a terminal"
category = "main"
optional = false
python-versions = "*"

[[package]]
name = "wrapt"
version = "1.14.1"
description = "Module for decorators, wrappers and monkey patching."
category = "dev"
optional = false
python-versions = "!=3.0.*,!=3.1.*,!=3.2.*,!=3.3.*,!=3.4.*,>=2.7"

[metadata]
lock-version = "1.1"
python-versions = "^3.10"
content-hash = "87081446237e623649797b1dc849df98270678eb23fb210a1a0ad89b277dd34e"

[metadata.files]
appdirs = []
appnope = []
astroid = []
astropy = []
asttokens = []
attrs = []
backcall = []
black = []
certifi = []
charset-normalizer = []
click = []
colorama = []
contextlib2 = []
coverage = []
debugpy = []
decorator = []
deepdiff = []
dill = []
docopt = []
enum34 = []
exceptiongroup = []
execnet = []
executing = []
fire = []
flake8 = []
glob2 = []
idna = []
iniconfig = []
ipython = []
isort = []
jedi = []
jsonschema = []
junit-xml-2 = []
katversion = []
lazy-object-proxy = []
mako = []
markupsafe = []
marshmallow = []
marshmallow-enum = []
marshmallow-oneofschema = []
matplotlib-inline = []
mccabe = []
mock = []
mypy-extensions = []
numpy = []
ordered-set = []
packaging = []
pandas = []
parse = []
parse-type = []
parso = []
pathspec = []
pexpect = []
pickleshare = []
platformdirs = []
pluggy = []
prompt-toolkit = []
ptyprocess = []
pure-eval = []
py = []
pycodestyle = []
pyerfa = []
pyflakes = []
pygments = []
pylint = []
pylint-junit = []
pyrsistent = []
pytango = []
pytest = []
pytest-bdd = []
pytest-cov = []
pytest-forked = []
pytest-json-report = []
pytest-metadata = []
pytest-mock = []
pytest-repeat = []
pytest-xdist = []
python-dateutil = []
python-gitlab = []
pytz = []
pyyaml = []
requests = []
requests-toolbelt = []
schema = []
six = []
ska-control-model = [
    {file = "ska_control_model-0.3.1-py3-none-any.whl", hash = "sha256:81ab7d091c9a02cf504309c2168f834ec0dd8acfeee30d0a2d2deb24165ceaea"},
    {file = "ska_control_model-0.3.1.tar.gz", hash = "sha256:fa3dea88421f6d159a6c86f55be8b79750b93932ff9f67779fb67a91c85351ed"},
]
ska-ser-log-transactions = [
    {file = "ska_ser_log_transactions-0.2.2+ae0f5c92-py3-none-any.whl", hash = "sha256:b50506b583b711471e41f3f561e56669573fe287262d533b1386a12abcfa6e91"},
    {file = "ska_ser_log_transactions-0.2.2+ae0f5c92.tar.gz", hash = "sha256:383fb54f9d5c5a2c7f5a9e6747d7b6feec7631c8dbc580444a48c782967ff7e4"},
]
ska-ser-logging = [
    {file = "ska_ser_logging-0.4.1+0a677a67-py3-none-any.whl", hash = "sha256:8b2bf14e9981966c22503b6b6477b6386dec1def1f71295579f0686d55b83841"},
    {file = "ska_ser_logging-0.4.1+0a677a67.tar.gz", hash = "sha256:558622000db39668d3a35b6986af9d70dac36635826636ef2c07f816a149a06d"},
]
ska-ser-skuid = [
    {file = "ska-ser-skuid-3.3.3.tar.gz", hash = "sha256:91ad1dda3e3a397e39dbb362046888f5a80e4f5ef022628cde7ccc93c4d9b057"},
    {file = "ska_ser_skuid-3.3.3-py3-none-any.whl", hash = "sha256:743a4170024d208be49d262af2a326644356ef0933dd001cada05bbfcb1f67cd"},
]
ska-tango-base = [
    {file = "ska_tango_base-0.13.3-py3-none-any.whl", hash = "sha256:5f64037af3cf7f3b5a7fb84afadc7f7da485d3f1f66430b84edc99f2741ca756"},
    {file = "ska_tango_base-0.13.3.tar.gz", hash = "sha256:a1f32c9ac4cf73765ae757dcae92e2cab1af09211f1ad5bacc88a21f86c12de4"},
]
ska-tango-testing = [
    {file = "ska-tango-testing-0.4.1.tar.gz", hash = "sha256:c41c1d6593b59de15aa7a11e05a61b39f08e900e824d4325afb053327bc21e63"},
    {file = "ska_tango_testing-0.4.1-py3-none-any.whl", hash = "sha256:58541c22e741387b119c63ad1f90265f7f5e7b76b21049fc266bb1133fc27bbf"},
]
ska-telmodel = [
    {file = "ska_telmodel-1.5.0-py3-none-any.whl", hash = "sha256:66be880a6d269664d76caedc4aca984688d4864a9c331d14ea3d00a72dc838be"},
    {file = "ska_telmodel-1.5.0.tar.gz", hash = "sha256:597e89e01c33caec5c45752ecb40863c5851b3c61857b44f4e4d7d0b8f231323"},
]
ska-tmc-cdm = [
    {file = "ska_tmc_cdm-7.3.1-py3-none-any.whl", hash = "sha256:6096dfd4d7c0211dad2ac58cfe0c3cc88b3d5448f20405c5cb7864ec44f28757"},
    {file = "ska_tmc_cdm-7.3.1.tar.gz", hash = "sha256:3129cd4ec33b207f80669f521ba80fd221a42041c841f6c2f44eb8225ed8c363"},
]
ska-tmc-common = [
    {file = "ska_tmc_common-0.1.54-py3-none-any.whl", hash = "sha256:a9d5cdb7850510f58da94e9b706d16f3da0391fff840a568c4d0fa13e5874554"},
    {file = "ska_tmc_common-0.1.54.tar.gz", hash = "sha256:aa396a5fd38496c072eb332b71b24a338dda5be59732240ec1f81791b4960b5b"},
]
stack-data = []
termcolor = []
toml = []
tomli = []
tomlkit = []
toolz = []
traitlets = []
transitions = []
typing-extensions = []
urllib3 = []
wcwidth = []
wrapt = []
